
Microsoft Visual Studio Solution File, Format Version 12.00
# Visual Studio Version 17
VisualStudioVersion = 17.3.32901.215
MinimumVisualStudioVersion = 10.0.40219.1
Project("{2150E333-8FDC-42A3-9474-1A3956D46DE8}") = "src", "src", "{CE59F6FC-1501-4E25-814A-52B0E0C677C7}"
EndProject
Project("{2150E333-8FDC-42A3-9474-1A3956D46DE8}") = "Building Blocks", "Building Blocks", "{10D312C4-CDD9-4AB7-A64E-71B844C720C2}"
EndProject
Project("{2150E333-8FDC-42A3-9474-1A3956D46DE8}") = "Services", "Services", "{F41AF993-538B-4FA5-B6C6-35F816B6E9A4}"
EndProject
Project("{2150E333-8FDC-42A3-9474-1A3956D46DE8}") = "Web", "Web", "{15F33300-18E8-42A0-B3C3-581B81E7941A}"
EndProject
Project("{2150E333-8FDC-42A3-9474-1A3956D46DE8}") = "Identidade", "Identidade", "{5B314527-128A-4168-866C-4213D23A1ECB}"
EndProject
Project("{FAE04EC0-301F-11D3-BF4B-00C04F79EFBC}") = "NSE.Identidade.API", "src\services\NSE.Identidade.API\NSE.Identidade.API.csproj", "{BF5CED41-C52D-4586-AC9E-8538C8A27791}"
EndProject
Project("{2150E333-8FDC-42A3-9474-1A3956D46DE8}") = "MVC", "MVC", "{ECC187C8-3780-4AF8-A6AF-C0A2E61041FE}"
EndProject
Project("{FAE04EC0-301F-11D3-BF4B-00C04F79EFBC}") = "NSE.WebApp.MVC", "src\web\NSE.WebApp.MVC\NSE.WebApp.MVC.csproj", "{F8D85D9D-2BED-48E1-9D08-7E8ECFB90EDE}"
EndProject
Project("{2150E333-8FDC-42A3-9474-1A3956D46DE8}") = "Core", "Core", "{DEF0E14A-F3D1-4951-9ADA-2B3772F23020}"
EndProject
Project("{FAE04EC0-301F-11D3-BF4B-00C04F79EFBC}") = "NSE.Core", "src\building blocks\NSE.Core\NSE.Core.csproj", "{FF4B4FD0-516E-43E8-A898-CD8302D3DDC8}"
EndProject
Project("{2150E333-8FDC-42A3-9474-1A3956D46DE8}") = "Carrinho", "Carrinho", "{B8252E13-6B3E-4EBD-9D21-5690BE4B512E}"
EndProject
Project("{2150E333-8FDC-42A3-9474-1A3956D46DE8}") = "Catalogo", "Catalogo", "{40563404-B4D4-405A-AF74-FDB7EC537E4E}"
EndProject
Project("{2150E333-8FDC-42A3-9474-1A3956D46DE8}") = "Cliente", "Cliente", "{09F77EE6-A8A7-4281-BEED-D13E2DF4243C}"
EndProject
Project("{2150E333-8FDC-42A3-9474-1A3956D46DE8}") = "Pagamento", "Pagamento", "{5366FB58-F0AE-4CC6-A1AD-0DF5AB492165}"
EndProject
Project("{2150E333-8FDC-42A3-9474-1A3956D46DE8}") = "Pedido", "Pedido", "{D09EA10B-158F-476C-8CE7-D53225306B70}"
EndProject
Project("{FAE04EC0-301F-11D3-BF4B-00C04F79EFBC}") = "NSE.Carrinho.API", "src\services\NSE.Carrinho.API\NSE.Carrinho.API.csproj", "{4F6A77F3-C8AB-442B-9FAC-7AD26453CDED}"
EndProject
Project("{FAE04EC0-301F-11D3-BF4B-00C04F79EFBC}") = "NSE.Catalogo.API", "src\services\NSE.Catalogo.API\NSE.Catalogo.API.csproj", "{0B8D4062-CE82-4CD4-A22C-D9982949CF42}"
EndProject
Project("{FAE04EC0-301F-11D3-BF4B-00C04F79EFBC}") = "NSE.Cliente.API", "src\services\NSE.Cliente.API\NSE.Cliente.API.csproj", "{025E5917-43DE-493A-83DF-F9322E048470}"
EndProject
Project("{FAE04EC0-301F-11D3-BF4B-00C04F79EFBC}") = "NSE.Pagamento.API", "src\services\NSE.Pagamento.API\NSE.Pagamento.API.csproj", "{C7A9D163-B6F7-44BC-B11D-B136C682572D}"
EndProject
Project("{FAE04EC0-301F-11D3-BF4B-00C04F79EFBC}") = "NSE.Pedido.API", "src\services\NSE.Pedido.API\NSE.Pedido.API.csproj", "{DBF444EF-867A-4081-9A4D-9D7F29588067}"
EndProject
Project("{2150E333-8FDC-42A3-9474-1A3956D46DE8}") = "Services", "Services", "{5B6FC7BE-8D96-46E1-AEB9-53201431C510}"
EndProject
Project("{FAE04EC0-301F-11D3-BF4B-00C04F79EFBC}") = "NSE.WebAPI.Core", "src\building blocks\NSE.WebAPI.Core\NSE.WebAPI.Core.csproj", "{36098F60-D8DD-4E55-9E9F-0F28DD41D086}"
EndProject
Global
	GlobalSection(SolutionConfigurationPlatforms) = preSolution
		Debug|Any CPU = Debug|Any CPU
		Release|Any CPU = Release|Any CPU
	EndGlobalSection
	GlobalSection(ProjectConfigurationPlatforms) = postSolution
		{BF5CED41-C52D-4586-AC9E-8538C8A27791}.Debug|Any CPU.ActiveCfg = Debug|Any CPU
		{BF5CED41-C52D-4586-AC9E-8538C8A27791}.Debug|Any CPU.Build.0 = Debug|Any CPU
		{BF5CED41-C52D-4586-AC9E-8538C8A27791}.Release|Any CPU.ActiveCfg = Release|Any CPU
		{BF5CED41-C52D-4586-AC9E-8538C8A27791}.Release|Any CPU.Build.0 = Release|Any CPU
		{F8D85D9D-2BED-48E1-9D08-7E8ECFB90EDE}.Debug|Any CPU.ActiveCfg = Debug|Any CPU
		{F8D85D9D-2BED-48E1-9D08-7E8ECFB90EDE}.Debug|Any CPU.Build.0 = Debug|Any CPU
		{F8D85D9D-2BED-48E1-9D08-7E8ECFB90EDE}.Release|Any CPU.ActiveCfg = Release|Any CPU
		{F8D85D9D-2BED-48E1-9D08-7E8ECFB90EDE}.Release|Any CPU.Build.0 = Release|Any CPU
		{FF4B4FD0-516E-43E8-A898-CD8302D3DDC8}.Debug|Any CPU.ActiveCfg = Debug|Any CPU
		{FF4B4FD0-516E-43E8-A898-CD8302D3DDC8}.Debug|Any CPU.Build.0 = Debug|Any CPU
		{FF4B4FD0-516E-43E8-A898-CD8302D3DDC8}.Release|Any CPU.ActiveCfg = Release|Any CPU
		{FF4B4FD0-516E-43E8-A898-CD8302D3DDC8}.Release|Any CPU.Build.0 = Release|Any CPU
		{4F6A77F3-C8AB-442B-9FAC-7AD26453CDED}.Debug|Any CPU.ActiveCfg = Debug|Any CPU
		{4F6A77F3-C8AB-442B-9FAC-7AD26453CDED}.Debug|Any CPU.Build.0 = Debug|Any CPU
		{4F6A77F3-C8AB-442B-9FAC-7AD26453CDED}.Release|Any CPU.ActiveCfg = Release|Any CPU
		{4F6A77F3-C8AB-442B-9FAC-7AD26453CDED}.Release|Any CPU.Build.0 = Release|Any CPU
		{0B8D4062-CE82-4CD4-A22C-D9982949CF42}.Debug|Any CPU.ActiveCfg = Debug|Any CPU
		{0B8D4062-CE82-4CD4-A22C-D9982949CF42}.Debug|Any CPU.Build.0 = Debug|Any CPU
		{0B8D4062-CE82-4CD4-A22C-D9982949CF42}.Release|Any CPU.ActiveCfg = Release|Any CPU
		{0B8D4062-CE82-4CD4-A22C-D9982949CF42}.Release|Any CPU.Build.0 = Release|Any CPU
		{025E5917-43DE-493A-83DF-F9322E048470}.Debug|Any CPU.ActiveCfg = Debug|Any CPU
		{025E5917-43DE-493A-83DF-F9322E048470}.Debug|Any CPU.Build.0 = Debug|Any CPU
		{025E5917-43DE-493A-83DF-F9322E048470}.Release|Any CPU.ActiveCfg = Release|Any CPU
		{025E5917-43DE-493A-83DF-F9322E048470}.Release|Any CPU.Build.0 = Release|Any CPU
		{C7A9D163-B6F7-44BC-B11D-B136C682572D}.Debug|Any CPU.ActiveCfg = Debug|Any CPU
		{C7A9D163-B6F7-44BC-B11D-B136C682572D}.Debug|Any CPU.Build.0 = Debug|Any CPU
		{C7A9D163-B6F7-44BC-B11D-B136C682572D}.Release|Any CPU.ActiveCfg = Release|Any CPU
		{C7A9D163-B6F7-44BC-B11D-B136C682572D}.Release|Any CPU.Build.0 = Release|Any CPU
		{DBF444EF-867A-4081-9A4D-9D7F29588067}.Debug|Any CPU.ActiveCfg = Debug|Any CPU
		{DBF444EF-867A-4081-9A4D-9D7F29588067}.Debug|Any CPU.Build.0 = Debug|Any CPU
		{DBF444EF-867A-4081-9A4D-9D7F29588067}.Release|Any CPU.ActiveCfg = Release|Any CPU
		{DBF444EF-867A-4081-9A4D-9D7F29588067}.Release|Any CPU.Build.0 = Release|Any CPU
		{36098F60-D8DD-4E55-9E9F-0F28DD41D086}.Debug|Any CPU.ActiveCfg = Debug|Any CPU
		{36098F60-D8DD-4E55-9E9F-0F28DD41D086}.Debug|Any CPU.Build.0 = Debug|Any CPU
		{36098F60-D8DD-4E55-9E9F-0F28DD41D086}.Release|Any CPU.ActiveCfg = Release|Any CPU
		{36098F60-D8DD-4E55-9E9F-0F28DD41D086}.Release|Any CPU.Build.0 = Release|Any CPU
	EndGlobalSection
	GlobalSection(SolutionProperties) = preSolution
		HideSolutionNode = FALSE
	EndGlobalSection
	GlobalSection(NestedProjects) = preSolution
		{10D312C4-CDD9-4AB7-A64E-71B844C720C2} = {CE59F6FC-1501-4E25-814A-52B0E0C677C7}
		{F41AF993-538B-4FA5-B6C6-35F816B6E9A4} = {CE59F6FC-1501-4E25-814A-52B0E0C677C7}
		{15F33300-18E8-42A0-B3C3-581B81E7941A} = {CE59F6FC-1501-4E25-814A-52B0E0C677C7}
		{5B314527-128A-4168-866C-4213D23A1ECB} = {F41AF993-538B-4FA5-B6C6-35F816B6E9A4}
		{BF5CED41-C52D-4586-AC9E-8538C8A27791} = {5B314527-128A-4168-866C-4213D23A1ECB}
		{ECC187C8-3780-4AF8-A6AF-C0A2E61041FE} = {15F33300-18E8-42A0-B3C3-581B81E7941A}
		{F8D85D9D-2BED-48E1-9D08-7E8ECFB90EDE} = {ECC187C8-3780-4AF8-A6AF-C0A2E61041FE}
		{DEF0E14A-F3D1-4951-9ADA-2B3772F23020} = {10D312C4-CDD9-4AB7-A64E-71B844C720C2}
		{FF4B4FD0-516E-43E8-A898-CD8302D3DDC8} = {DEF0E14A-F3D1-4951-9ADA-2B3772F23020}
		{B8252E13-6B3E-4EBD-9D21-5690BE4B512E} = {F41AF993-538B-4FA5-B6C6-35F816B6E9A4}
		{40563404-B4D4-405A-AF74-FDB7EC537E4E} = {F41AF993-538B-4FA5-B6C6-35F816B6E9A4}
		{09F77EE6-A8A7-4281-BEED-D13E2DF4243C} = {F41AF993-538B-4FA5-B6C6-35F816B6E9A4}
		{5366FB58-F0AE-4CC6-A1AD-0DF5AB492165} = {F41AF993-538B-4FA5-B6C6-35F816B6E9A4}
		{D09EA10B-158F-476C-8CE7-D53225306B70} = {F41AF993-538B-4FA5-B6C6-35F816B6E9A4}
		{4F6A77F3-C8AB-442B-9FAC-7AD26453CDED} = {B8252E13-6B3E-4EBD-9D21-5690BE4B512E}
		{0B8D4062-CE82-4CD4-A22C-D9982949CF42} = {40563404-B4D4-405A-AF74-FDB7EC537E4E}
		{025E5917-43DE-493A-83DF-F9322E048470} = {09F77EE6-A8A7-4281-BEED-D13E2DF4243C}
		{C7A9D163-B6F7-44BC-B11D-B136C682572D} = {5366FB58-F0AE-4CC6-A1AD-0DF5AB492165}
		{DBF444EF-867A-4081-9A4D-9D7F29588067} = {D09EA10B-158F-476C-8CE7-D53225306B70}
		{5B6FC7BE-8D96-46E1-AEB9-53201431C510} = {10D312C4-CDD9-4AB7-A64E-71B844C720C2}
		{36098F60-D8DD-4E55-9E9F-0F28DD41D086} = {5B6FC7BE-8D96-46E1-AEB9-53201431C510}
	EndGlobalSection
	GlobalSection(ExtensibilityGlobals) = postSolution
		SolutionGuid = {5636683D-9745-4645-8DF8-3834F35F791B}
	EndGlobalSection
EndGlobal
